
Microsoft Visual Studio Solution File, Format Version 12.00
# Visual Studio Version 17
VisualStudioVersion = 17.14.36221.1 d17.14
MinimumVisualStudioVersion = 10.0.40219.1
Project("{FAE04EC0-301F-11D3-BF4B-00C04F79EFBC}") = "Minggu2", "Form1\Minggu2.csproj", "{3687C9F3-824C-465B-997E-F20E7FB75D03}"
EndProject
Global
	GlobalSection(SolutionConfigurationPlatforms) = preSolution
		Debug|Any CPU = Debug|Any CPU
		Release|Any CPU = Release|Any CPU
	EndGlobalSection
	GlobalSection(ProjectConfigurationPlatforms) = postSolution
		{3687C9F3-824C-465B-997E-F20E7FB75D03}.Debug|Any CPU.ActiveCfg = Debug|Any CPU
		{3687C9F3-824C-465B-997E-F20E7FB75D03}.Debug|Any CPU.Build.0 = Debug|Any CPU
		{3687C9F3-824C-465B-997E-F20E7FB75D03}.Release|Any CPU.ActiveCfg = Release|Any CPU
		{3687C9F3-824C-465B-997E-F20E7FB75D03}.Release|Any CPU.Build.0 = Release|Any CPU
	EndGlobalSection
	GlobalSection(SolutionProperties) = preSolution
		HideSolutionNode = FALSE
	EndGlobalSection
	GlobalSection(ExtensibilityGlobals) = postSolution
		SolutionGuid = {2C750DB3-D2A1-4E00-8378-C6B66ACAC9E4}
	EndGlobalSection
EndGlobal
